{
  "nodes": {
    "autosuggestions": {
      "flake": false,
      "locked": {
        "lastModified": 1750781703,
        "narHash": "sha256-KmkXgK1J6iAyb1FtF/gOa0adUnh1pgFsgQOUnNngBaE=",
        "owner": "zsh-users",
        "repo": "zsh-autosuggestions",
        "rev": "85919cd1ffa7d2d5412f6d3fe437ebdbeeec4fc5",
        "type": "github"
      },
      "original": {
        "owner": "zsh-users",
        "repo": "zsh-autosuggestions",
        "type": "github"
      }
    },
    "completions": {
      "flake": false,
      "locked": {
        "lastModified": 1768357928,
        "narHash": "sha256-jM7fvr2aAjArdUYLIpIGOztPgkWOz1anmdUtrSl88RQ=",
        "owner": "zsh-users",
        "repo": "zsh-completions",
        "rev": "c31ad08eff70ccdd2b820b72a04038a397d407be",
        "type": "github"
      },
      "original": {
        "owner": "zsh-users",
        "repo": "zsh-completions",
        "type": "github"
      }
    },
    "fzf-tab": {
      "flake": false,
      "locked": {
        "lastModified": 1768396986,
        "narHash": "sha256-ZekrZYQBGYQOTMojnJbQhelH4rOyzuPIP/Tu/6Tjwec=",
        "owner": "aloxaf",
        "repo": "fzf-tab",
        "rev": "cbdc58226a696688d08eae63d8e44f4b230fa3dd",
        "type": "github"
      },
      "original": {
        "owner": "aloxaf",
        "repo": "fzf-tab",
        "type": "github"
      }
    },
    "root": {
      "inputs": {
        "autosuggestions": "autosuggestions",
        "completions": "completions",
        "fzf-tab": "fzf-tab",
        "syntax-highlighting": "syntax-highlighting"
      }
    },
    "syntax-highlighting": {
      "flake": false,
      "locked": {
        "lastModified": 1732201766,
        "narHash": "sha256-KRsQEDRsJdF7LGOMTZuqfbW6xdV5S38wlgdcCM98Y/Q=",
        "owner": "zsh-users",
        "repo": "zsh-syntax-highlighting",
        "rev": "5eb677bb0fa9a3e60f0eff031dc13926e093df92",
        "type": "github"
      },
      "original": {
        "owner": "zsh-users",
        "repo": "zsh-syntax-highlighting",
        "type": "github"
      }
    }
  },
  "root": "root",
  "version": 7
}
