{
  "nodes": {
    "autosuggestions": {
      "flake": false,
      "locked": {
        "lastModified": 1750781703,
        "narHash": "sha256-KmkXgK1J6iAyb1FtF/gOa0adUnh1pgFsgQOUnNngBaE=",
        "owner": "zsh-users",
        "repo": "zsh-autosuggestions",
        "rev": "85919cd1ffa7d2d5412f6d3fe437ebdbeeec4fc5",
        "type": "github"
      },
      "original": {
        "owner": "zsh-users",
        "repo": "zsh-autosuggestions",
        "type": "github"
      }
    },
    "completions": {
      "flake": false,
      "locked": {
        "lastModified": 1766811502,
        "narHash": "sha256-Bn+x/NS3N4wxP6mYa+jDAxAthaFck8eUndJb4QgnlG0=",
        "owner": "zsh-users",
        "repo": "zsh-completions",
        "rev": "2733ff9818686886352f581620d1ee3b9c8c8072",
        "type": "github"
      },
      "original": {
        "owner": "zsh-users",
        "repo": "zsh-completions",
        "type": "github"
      }
    },
    "fzf-tab": {
      "flake": false,
      "locked": {
        "lastModified": 1758160945,
        "narHash": "sha256-1Ior+/9e+M+Fc1u0uq5HhknlGRS96q7tazhEE6rmx9Y=",
        "owner": "aloxaf",
        "repo": "fzf-tab",
        "rev": "fac145167f7ec1861233c54de0c8900b09c650fe",
        "type": "github"
      },
      "original": {
        "owner": "aloxaf",
        "repo": "fzf-tab",
        "type": "github"
      }
    },
    "root": {
      "inputs": {
        "autosuggestions": "autosuggestions",
        "completions": "completions",
        "fzf-tab": "fzf-tab",
        "syntax-highlighting": "syntax-highlighting"
      }
    },
    "syntax-highlighting": {
      "flake": false,
      "locked": {
        "lastModified": 1732201766,
        "narHash": "sha256-KRsQEDRsJdF7LGOMTZuqfbW6xdV5S38wlgdcCM98Y/Q=",
        "owner": "zsh-users",
        "repo": "zsh-syntax-highlighting",
        "rev": "5eb677bb0fa9a3e60f0eff031dc13926e093df92",
        "type": "github"
      },
      "original": {
        "owner": "zsh-users",
        "repo": "zsh-syntax-highlighting",
        "type": "github"
      }
    }
  },
  "root": "root",
  "version": 7
}
